
Microsoft Visual Studio Solution File, Format Version 12.00
# Visual Studio Version 17
VisualStudioVersion = 17.8.34525.116
MinimumVisualStudioVersion = 10.0.40219.1
Project("{FAE04EC0-301F-11D3-BF4B-00C04F79EFBC}") = "employeeManagement", "employeeManagement\employeeManagement.csproj", "{78809E26-00D0-49F3-9890-7B8DC9EA6E2D}"
EndProject
Project("{54435603-DBB4-11D2-8724-00A0C9A8B90C}") = "DaldescoSetup", "DaldescoSetup\DaldescoSetup.vdproj", "{0C8FAE89-3966-4F91-9866-C85DF7E0EDB8}"
EndProject
Global
	GlobalSection(SolutionConfigurationPlatforms) = preSolution
		Debug|Any CPU = Debug|Any CPU
		Release|Any CPU = Release|Any CPU
	EndGlobalSection
	GlobalSection(ProjectConfigurationPlatforms) = postSolution
		{78809E26-00D0-49F3-9890-7B8DC9EA6E2D}.Debug|Any CPU.ActiveCfg = Debug|Any CPU
		{78809E26-00D0-49F3-9890-7B8DC9EA6E2D}.Debug|Any CPU.Build.0 = Debug|Any CPU
		{78809E26-00D0-49F3-9890-7B8DC9EA6E2D}.Release|Any CPU.ActiveCfg = Release|Any CPU
		{78809E26-00D0-49F3-9890-7B8DC9EA6E2D}.Release|Any CPU.Build.0 = Release|Any CPU
		{0C8FAE89-3966-4F91-9866-C85DF7E0EDB8}.Debug|Any CPU.ActiveCfg = Debug
		{0C8FAE89-3966-4F91-9866-C85DF7E0EDB8}.Release|Any CPU.ActiveCfg = Release
	EndGlobalSection
	GlobalSection(SolutionProperties) = preSolution
		HideSolutionNode = FALSE
	EndGlobalSection
	GlobalSection(ExtensibilityGlobals) = postSolution
		SolutionGuid = {BF6C7AFB-3EA3-4CAA-96C8-E2CD2D86620E}
	EndGlobalSection
EndGlobal
